{
  "name": "ts",
  "version": "1.0.0",
  "lockfileVersion": 1,
  "requires": true,
  "dependencies": {
    "@types/dom-mediacapture-record": {
      "version": "1.0.11",
      "resolved": "https://registry.npmjs.org/@types/dom-mediacapture-record/-/dom-mediacapture-record-1.0.11.tgz",
      "integrity": "sha512-ODVOH95x08arZhbQOjH3no7Iye64akdO+55nM+IGtTzpu2ACKr9CQTrI//CCVieIjlI/eL+rK1hQjMycxIgylQ==",
      "dev": true
    }
  }
}
